
Microsoft Visual Studio Solution File, Format Version 12.00
# Visual Studio 15
VisualStudioVersion = 15.0.27130.2036
MinimumVisualStudioVersion = 10.0.40219.1
Project("{FAE04EC0-301F-11D3-BF4B-00C04F79EFBC}") = "NmeaEmulator", "NmeaEmulator\NmeaEmulator.csproj", "{23578F98-AE14-4794-A1FA-8ABBE53C135A}"
EndProject
Project("{FAE04EC0-301F-11D3-BF4B-00C04F79EFBC}") = "AsyncSerialTest", "AsyncSerialTest\AsyncSerialTest.csproj", "{A126A0B9-2CCA-4AA4-9A11-E1B4B9941178}"
EndProject
Global
	GlobalSection(SolutionConfigurationPlatforms) = preSolution
		Debug|Any CPU = Debug|Any CPU
		Release|Any CPU = Release|Any CPU
	EndGlobalSection
	GlobalSection(ProjectConfigurationPlatforms) = postSolution
		{23578F98-AE14-4794-A1FA-8ABBE53C135A}.Debug|Any CPU.ActiveCfg = Debug|Any CPU
		{23578F98-AE14-4794-A1FA-8ABBE53C135A}.Debug|Any CPU.Build.0 = Debug|Any CPU
		{23578F98-AE14-4794-A1FA-8ABBE53C135A}.Release|Any CPU.ActiveCfg = Release|Any CPU
		{23578F98-AE14-4794-A1FA-8ABBE53C135A}.Release|Any CPU.Build.0 = Release|Any CPU
		{A126A0B9-2CCA-4AA4-9A11-E1B4B9941178}.Debug|Any CPU.ActiveCfg = Debug|Any CPU
		{A126A0B9-2CCA-4AA4-9A11-E1B4B9941178}.Debug|Any CPU.Build.0 = Debug|Any CPU
		{A126A0B9-2CCA-4AA4-9A11-E1B4B9941178}.Release|Any CPU.ActiveCfg = Release|Any CPU
		{A126A0B9-2CCA-4AA4-9A11-E1B4B9941178}.Release|Any CPU.Build.0 = Release|Any CPU
	EndGlobalSection
	GlobalSection(SolutionProperties) = preSolution
		HideSolutionNode = FALSE
	EndGlobalSection
	GlobalSection(ExtensibilityGlobals) = postSolution
		SolutionGuid = {A4E5F63F-D03A-47FF-B38D-3C4B421B4F30}
	EndGlobalSection
EndGlobal
